
Microsoft Visual Studio Solution File, Format Version 12.00
# Visual Studio Version 16
VisualStudioVersion = 16.0.30503.244
MinimumVisualStudioVersion = 10.0.40219.1
Project("{8BC9CEB8-8B4A-11D0-8D11-00A0C91BC942}") = "ConsoleApplication12", "ConsoleApplication12.vcxproj", "{03748690-A824-4112-8949-60C765F00008}"
EndProject
Global
	GlobalSection(SolutionConfigurationPlatforms) = preSolution
		Debug|x64 = Debug|x64
		Debug|x86 = Debug|x86
		Release|x64 = Release|x64
		Release|x86 = Release|x86
	EndGlobalSection
	GlobalSection(ProjectConfigurationPlatforms) = postSolution
		{03748690-A824-4112-8949-60C765F00008}.Debug|x64.ActiveCfg = Debug|x64
		{03748690-A824-4112-8949-60C765F00008}.Debug|x64.Build.0 = Debug|x64
		{03748690-A824-4112-8949-60C765F00008}.Debug|x86.ActiveCfg = Debug|Win32
		{03748690-A824-4112-8949-60C765F00008}.Debug|x86.Build.0 = Debug|Win32
		{03748690-A824-4112-8949-60C765F00008}.Release|x64.ActiveCfg = Release|x64
		{03748690-A824-4112-8949-60C765F00008}.Release|x64.Build.0 = Release|x64
		{03748690-A824-4112-8949-60C765F00008}.Release|x86.ActiveCfg = Release|Win32
		{03748690-A824-4112-8949-60C765F00008}.Release|x86.Build.0 = Release|Win32
	EndGlobalSection
	GlobalSection(SolutionProperties) = preSolution
		HideSolutionNode = FALSE
	EndGlobalSection
	GlobalSection(ExtensibilityGlobals) = postSolution
		SolutionGuid = {65724B73-DF0E-4259-BF44-CDB56F19B2DF}
	EndGlobalSection
EndGlobal
